
Microsoft Visual Studio Solution File, Format Version 12.00
# Visual Studio Version 17
VisualStudioVersion = 17.14.35906.104 d17.14
MinimumVisualStudioVersion = 10.0.40219.1
Project("{FAE04EC0-301F-11D3-BF4B-00C04F79EFBC}") = "BulkImport.Api", "BulkImport.Api\BulkImport.Api.csproj", "{3AF1AF62-6E97-4417-B11D-FDD16F2525CB}"
EndProject
Project("{FAE04EC0-301F-11D3-BF4B-00C04F79EFBC}") = "BulkImport.Core", "BulkImport.Core\BulkImport.Core.csproj", "{51A19E65-69FD-486F-A412-55894F89B8C4}"
EndProject
Project("{FAE04EC0-301F-11D3-BF4B-00C04F79EFBC}") = "BulkImport.Infrastructure", "BulkImport.Infrastructure\BulkImport.Infrastructure.csproj", "{960D4E71-7BA8-47DA-AA8F-05FB8B668019}"
EndProject
Project("{FAE04EC0-301F-11D3-BF4B-00C04F79EFBC}") = "BulkImport.Tests", "BulkImport.Tests\BulkImport.Tests.csproj", "{6C969204-F12C-48DD-8DBE-A5653A87A43C}"
EndProject
Global
	GlobalSection(SolutionConfigurationPlatforms) = preSolution
		Debug|Any CPU = Debug|Any CPU
		Release|Any CPU = Release|Any CPU
	EndGlobalSection
	GlobalSection(ProjectConfigurationPlatforms) = postSolution
		{3AF1AF62-6E97-4417-B11D-FDD16F2525CB}.Debug|Any CPU.ActiveCfg = Debug|Any CPU
		{3AF1AF62-6E97-4417-B11D-FDD16F2525CB}.Debug|Any CPU.Build.0 = Debug|Any CPU
		{3AF1AF62-6E97-4417-B11D-FDD16F2525CB}.Release|Any CPU.ActiveCfg = Release|Any CPU
		{3AF1AF62-6E97-4417-B11D-FDD16F2525CB}.Release|Any CPU.Build.0 = Release|Any CPU
		{51A19E65-69FD-486F-A412-55894F89B8C4}.Debug|Any CPU.ActiveCfg = Debug|Any CPU
		{51A19E65-69FD-486F-A412-55894F89B8C4}.Debug|Any CPU.Build.0 = Debug|Any CPU
		{51A19E65-69FD-486F-A412-55894F89B8C4}.Release|Any CPU.ActiveCfg = Release|Any CPU
		{51A19E65-69FD-486F-A412-55894F89B8C4}.Release|Any CPU.Build.0 = Release|Any CPU
		{960D4E71-7BA8-47DA-AA8F-05FB8B668019}.Debug|Any CPU.ActiveCfg = Debug|Any CPU
		{960D4E71-7BA8-47DA-AA8F-05FB8B668019}.Debug|Any CPU.Build.0 = Debug|Any CPU
		{960D4E71-7BA8-47DA-AA8F-05FB8B668019}.Release|Any CPU.ActiveCfg = Release|Any CPU
		{960D4E71-7BA8-47DA-AA8F-05FB8B668019}.Release|Any CPU.Build.0 = Release|Any CPU
		{6C969204-F12C-48DD-8DBE-A5653A87A43C}.Debug|Any CPU.ActiveCfg = Debug|Any CPU
		{6C969204-F12C-48DD-8DBE-A5653A87A43C}.Debug|Any CPU.Build.0 = Debug|Any CPU
		{6C969204-F12C-48DD-8DBE-A5653A87A43C}.Release|Any CPU.ActiveCfg = Release|Any CPU
		{6C969204-F12C-48DD-8DBE-A5653A87A43C}.Release|Any CPU.Build.0 = Release|Any CPU
	EndGlobalSection
	GlobalSection(SolutionProperties) = preSolution
		HideSolutionNode = FALSE
	EndGlobalSection
	GlobalSection(ExtensibilityGlobals) = postSolution
		SolutionGuid = {3E9EC161-7A56-414B-94AD-956D4334A56B}
	EndGlobalSection
EndGlobal
